
Microsoft Visual Studio Solution File, Format Version 12.00
# Visual Studio Version 17
VisualStudioVersion = 17.0.32126.317
MinimumVisualStudioVersion = 10.0.40219.1
Project("{FAE04EC0-301F-11D3-BF4B-00C04F79EFBC}") = "graphQLSmp", "graphQLSmp\graphQLSmp.csproj", "{5820732B-D245-43AD-8DAA-ACCC51DCDF5A}"
EndProject
Global
	GlobalSection(SolutionConfigurationPlatforms) = preSolution
		Debug|Any CPU = Debug|Any CPU
		Release|Any CPU = Release|Any CPU
	EndGlobalSection
	GlobalSection(ProjectConfigurationPlatforms) = postSolution
		{5820732B-D245-43AD-8DAA-ACCC51DCDF5A}.Debug|Any CPU.ActiveCfg = Debug|Any CPU
		{5820732B-D245-43AD-8DAA-ACCC51DCDF5A}.Debug|Any CPU.Build.0 = Debug|Any CPU
		{5820732B-D245-43AD-8DAA-ACCC51DCDF5A}.Release|Any CPU.ActiveCfg = Release|Any CPU
		{5820732B-D245-43AD-8DAA-ACCC51DCDF5A}.Release|Any CPU.Build.0 = Release|Any CPU
	EndGlobalSection
	GlobalSection(SolutionProperties) = preSolution
		HideSolutionNode = FALSE
	EndGlobalSection
	GlobalSection(ExtensibilityGlobals) = postSolution
		SolutionGuid = {C05349AF-464E-4C34-8110-32B665A47E09}
	EndGlobalSection
EndGlobal
